// !$*UTF8*$!
{
	archiveVersion = 1;
	classes = {
	};
	objectVersion = 77;
	objects = {

/* Begin PBXBuildFile section */
		0A64F44B17C0EC90603115CF /* CameraPreview.swift in Sources */ = {isa = PBXBuildFile; fileRef = 6E47D46BD60D4229B6505351 /* CameraPreview.swift */; };
		3AB0346CE162A88EFB50760E /* MusicSetupView.swift in Sources */ = {isa = PBXBuildFile; fileRef = 2A8D6544F8445D1554929087 /* MusicSetupView.swift */; };
		3AF6F90F5D8F065B8C786F67 /* PlaylistPickerView.swift in Sources */ = {isa = PBXBuildFile; fileRef = 372D8ACF7B002BAA32CB348E /* PlaylistPickerView.swift */; };
		3B3C51A72B294DD00DC7D35F /* MiniPlayerView.swift in Sources */ = {isa = PBXBuildFile; fileRef = C9737DAF4EA1038C9BE89ABD /* MiniPlayerView.swift */; };
		5124E77641158BD01B904438 /* Assets.xcassets in Resources */ = {isa = PBXBuildFile; fileRef = 3797E591F302ECC0AA2FC607 /* Assets.xcassets */; };
		5ABB697371E46B266868BE61 /* ContentView.swift in Sources */ = {isa = PBXBuildFile; fileRef = 74F16C0358BDBE96493C540D /* ContentView.swift */; };
		6C81F6414FFD07DF84BFC1D5 /* WorkoutView.swift in Sources */ = {isa = PBXBuildFile; fileRef = 5823D5865212D692639EBCD2 /* WorkoutView.swift */; };
		82A6A193247A83DFCD178429 /* App.swift in Sources */ = {isa = PBXBuildFile; fileRef = 5A23FE9033D40D51F8D6E6CC /* App.swift */; };
		968009D13A4FB8D116E0D172 /* Exercise.swift in Sources */ = {isa = PBXBuildFile; fileRef = 2F8BB683B281FA0FB08AB21B /* Exercise.swift */; };
		AEA60E4ECE09276AD743B313 /* NowPlayingView.swift in Sources */ = {isa = PBXBuildFile; fileRef = 5F98CD015F0F2574177CDAC4 /* NowPlayingView.swift */; };
		C1666458F3D3845CFCBBE9EC /* CameraManager.swift in Sources */ = {isa = PBXBuildFile; fileRef = D4FF26751A4C58760C730A4A /* CameraManager.swift */; };
		DF34315223EE855E1BC3BC60 /* MusicController.swift in Sources */ = {isa = PBXBuildFile; fileRef = 0981644B08197C585A59486D /* MusicController.swift */; };
		E2B76CB61856C760D74AE556 /* SkeletonOverlay.swift in Sources */ = {isa = PBXBuildFile; fileRef = 72E70CBB1B0766EC44A9FF23 /* SkeletonOverlay.swift */; };
		F2AD77BC3D4BAFB3ADE711EE /* PoseTracker.swift in Sources */ = {isa = PBXBuildFile; fileRef = B74CBEEC66F1B93E8FE2CD18 /* PoseTracker.swift */; };
/* End PBXBuildFile section */

/* Begin PBXFileReference section */
		0981644B08197C585A59486D /* MusicController.swift */ = {isa = PBXFileReference; lastKnownFileType = sourcecode.swift; path = MusicController.swift; sourceTree = "<group>"; };
		2A8D6544F8445D1554929087 /* MusicSetupView.swift */ = {isa = PBXFileReference; lastKnownFileType = sourcecode.swift; path = MusicSetupView.swift; sourceTree = "<group>"; };
		2F8BB683B281FA0FB08AB21B /* Exercise.swift */ = {isa = PBXFileReference; lastKnownFileType = sourcecode.swift; path = Exercise.swift; sourceTree = "<group>"; };
		372D8ACF7B002BAA32CB348E /* PlaylistPickerView.swift */ = {isa = PBXFileReference; lastKnownFileType = sourcecode.swift; path = PlaylistPickerView.swift; sourceTree = "<group>"; };
		3797E591F302ECC0AA2FC607 /* Assets.xcassets */ = {isa = PBXFileReference; lastKnownFileType = folder.assetcatalog; path = Assets.xcassets; sourceTree = "<group>"; };
		4996B723AB799E6A1FC5A6AE /* RepTrack.app */ = {isa = PBXFileReference; explicitFileType = wrapper.application; includeInIndex = 0; path = RepTrack.app; sourceTree = BUILT_PRODUCTS_DIR; };
		5823D5865212D692639EBCD2 /* WorkoutView.swift */ = {isa = PBXFileReference; lastKnownFileType = sourcecode.swift; path = WorkoutView.swift; sourceTree = "<group>"; };
		5A23FE9033D40D51F8D6E6CC /* App.swift */ = {isa = PBXFileReference; lastKnownFileType = sourcecode.swift; path = App.swift; sourceTree = "<group>"; };
		5F98CD015F0F2574177CDAC4 /* NowPlayingView.swift */ = {isa = PBXFileReference; lastKnownFileType = sourcecode.swift; path = NowPlayingView.swift; sourceTree = "<group>"; };
		6E47D46BD60D4229B6505351 /* CameraPreview.swift */ = {isa = PBXFileReference; lastKnownFileType = sourcecode.swift; path = CameraPreview.swift; sourceTree = "<group>"; };
		72E70CBB1B0766EC44A9FF23 /* SkeletonOverlay.swift */ = {isa = PBXFileReference; lastKnownFileType = sourcecode.swift; path = SkeletonOverlay.swift; sourceTree = "<group>"; };
		74F16C0358BDBE96493C540D /* ContentView.swift */ = {isa = PBXFileReference; lastKnownFileType = sourcecode.swift; path = ContentView.swift; sourceTree = "<group>"; };
		B74CBEEC66F1B93E8FE2CD18 /* PoseTracker.swift */ = {isa = PBXFileReference; lastKnownFileType = sourcecode.swift; path = PoseTracker.swift; sourceTree = "<group>"; };
		C9737DAF4EA1038C9BE89ABD /* MiniPlayerView.swift */ = {isa = PBXFileReference; lastKnownFileType = sourcecode.swift; path = MiniPlayerView.swift; sourceTree = "<group>"; };
		D4FF26751A4C58760C730A4A /* CameraManager.swift */ = {isa = PBXFileReference; lastKnownFileType = sourcecode.swift; path = CameraManager.swift; sourceTree = "<group>"; };
/* End PBXFileReference section */

/* Begin PBXGroup section */
		1F2DE413CF2CB54988158172 /* App */ = {
			isa = PBXGroup;
			children = (
				5A23FE9033D40D51F8D6E6CC /* App.swift */,
				3797E591F302ECC0AA2FC607 /* Assets.xcassets */,
				D4FF26751A4C58760C730A4A /* CameraManager.swift */,
				6E47D46BD60D4229B6505351 /* CameraPreview.swift */,
				74F16C0358BDBE96493C540D /* ContentView.swift */,
				2F8BB683B281FA0FB08AB21B /* Exercise.swift */,
				C9737DAF4EA1038C9BE89ABD /* MiniPlayerView.swift */,
				0981644B08197C585A59486D /* MusicController.swift */,
				2A8D6544F8445D1554929087 /* MusicSetupView.swift */,
				5F98CD015F0F2574177CDAC4 /* NowPlayingView.swift */,
				372D8ACF7B002BAA32CB348E /* PlaylistPickerView.swift */,
				B74CBEEC66F1B93E8FE2CD18 /* PoseTracker.swift */,
				72E70CBB1B0766EC44A9FF23 /* SkeletonOverlay.swift */,
				5823D5865212D692639EBCD2 /* WorkoutView.swift */,
			);
			path = App;
			sourceTree = "<group>";
		};
		293D0FF827366B513839236A = {
			isa = PBXGroup;
			children = (
				1F2DE413CF2CB54988158172 /* App */,
				AC523591AC7BE9275003D2DB /* Products */,
			);
			sourceTree = "<group>";
		};
		AC523591AC7BE9275003D2DB /* Products */ = {
			isa = PBXGroup;
			children = (
				4996B723AB799E6A1FC5A6AE /* RepTrack.app */,
			);
			name = Products;
			sourceTree = "<group>";
		};
/* End PBXGroup section */

/* Begin PBXNativeTarget section */
		2131D1C26B3D07285E0FDF77 /* RepTrack */ = {
			isa = PBXNativeTarget;
			buildConfigurationList = 06F65A5E4596AC265EC1691A /* Build configuration list for PBXNativeTarget "RepTrack" */;
			buildPhases = (
				F31D89626D85B0D3B2923711 /* Sources */,
				42E64BD9F431B2E15360C43A /* Resources */,
			);
			buildRules = (
			);
			dependencies = (
			);
			name = RepTrack;
			packageProductDependencies = (
			);
			productName = RepTrack;
			productReference = 4996B723AB799E6A1FC5A6AE /* RepTrack.app */;
			productType = "com.apple.product-type.application";
		};
/* End PBXNativeTarget section */

/* Begin PBXProject section */
		0FBAE303E3CFC2ABAC876A77 /* Project object */ = {
			isa = PBXProject;
			attributes = {
				BuildIndependentTargetsInParallel = YES;
				LastUpgradeCheck = 1430;
			};
			buildConfigurationList = D91E14E36EC0B415578456F2 /* Build configuration list for PBXProject "Project" */;
			developmentRegion = en;
			hasScannedForEncodings = 0;
			knownRegions = (
				Base,
				en,
			);
			mainGroup = 293D0FF827366B513839236A;
			minimizedProjectReferenceProxies = 1;
			preferredProjectObjectVersion = 77;
			productRefGroup = AC523591AC7BE9275003D2DB /* Products */;
			projectDirPath = "";
			projectRoot = "";
			targets = (
				2131D1C26B3D07285E0FDF77 /* RepTrack */,
			);
		};
/* End PBXProject section */

/* Begin PBXResourcesBuildPhase section */
		42E64BD9F431B2E15360C43A /* Resources */ = {
			isa = PBXResourcesBuildPhase;
			buildActionMask = 2147483647;
			files = (
				5124E77641158BD01B904438 /* Assets.xcassets in Resources */,
			);
			runOnlyForDeploymentPostprocessing = 0;
		};
/* End PBXResourcesBuildPhase section */

/* Begin PBXSourcesBuildPhase section */
		F31D89626D85B0D3B2923711 /* Sources */ = {
			isa = PBXSourcesBuildPhase;
			buildActionMask = 2147483647;
			files = (
				82A6A193247A83DFCD178429 /* App.swift in Sources */,
				C1666458F3D3845CFCBBE9EC /* CameraManager.swift in Sources */,
				0A64F44B17C0EC90603115CF /* CameraPreview.swift in Sources */,
				5ABB697371E46B266868BE61 /* ContentView.swift in Sources */,
				968009D13A4FB8D116E0D172 /* Exercise.swift in Sources */,
				3B3C51A72B294DD00DC7D35F /* MiniPlayerView.swift in Sources */,
				DF34315223EE855E1BC3BC60 /* MusicController.swift in Sources */,
				3AB0346CE162A88EFB50760E /* MusicSetupView.swift in Sources */,
				AEA60E4ECE09276AD743B313 /* NowPlayingView.swift in Sources */,
				3AF6F90F5D8F065B8C786F67 /* PlaylistPickerView.swift in Sources */,
				F2AD77BC3D4BAFB3ADE711EE /* PoseTracker.swift in Sources */,
				E2B76CB61856C760D74AE556 /* SkeletonOverlay.swift in Sources */,
				6C81F6414FFD07DF84BFC1D5 /* WorkoutView.swift in Sources */,
			);
			runOnlyForDeploymentPostprocessing = 0;
		};
/* End PBXSourcesBuildPhase section */

/* Begin XCBuildConfiguration section */
		036FCF7C4B48C154279F289D /* Release */ = {
			isa = XCBuildConfiguration;
			buildSettings = {
				ALWAYS_SEARCH_USER_PATHS = NO;
				CLANG_ANALYZER_NONNULL = YES;
				CLANG_ANALYZER_NUMBER_OBJECT_CONVERSION = YES_AGGRESSIVE;
				CLANG_CXX_LANGUAGE_STANDARD = "gnu++14";
				CLANG_CXX_LIBRARY = "libc++";
				CLANG_ENABLE_MODULES = YES;
				CLANG_ENABLE_OBJC_ARC = YES;
				CLANG_ENABLE_OBJC_WEAK = YES;
				CLANG_WARN_BLOCK_CAPTURE_AUTORELEASING = YES;
				CLANG_WARN_BOOL_CONVERSION = YES;
				CLANG_WARN_COMMA = YES;
				CLANG_WARN_CONSTANT_CONVERSION = YES;
				CLANG_WARN_DEPRECATED_OBJC_IMPLEMENTATIONS = YES;
				CLANG_WARN_DIRECT_OBJC_ISA_USAGE = YES_ERROR;
				CLANG_WARN_DOCUMENTATION_COMMENTS = YES;
				CLANG_WARN_EMPTY_BODY = YES;
				CLANG_WARN_ENUM_CONVERSION = YES;
				CLANG_WARN_INFINITE_RECURSION = YES;
				CLANG_WARN_INT_CONVERSION = YES;
				CLANG_WARN_NON_LITERAL_NULL_CONVERSION = YES;
				CLANG_WARN_OBJC_IMPLICIT_RETAIN_SELF = YES;
				CLANG_WARN_OBJC_LITERAL_CONVERSION = YES;
				CLANG_WARN_OBJC_ROOT_CLASS = YES_ERROR;
				CLANG_WARN_QUOTED_INCLUDE_IN_FRAMEWORK_HEADER = YES;
				CLANG_WARN_RANGE_LOOP_ANALYSIS = YES;
				CLANG_WARN_STRICT_PROTOTYPES = YES;
				CLANG_WARN_SUSPICIOUS_MOVE = YES;
				CLANG_WARN_UNGUARDED_AVAILABILITY = YES_AGGRESSIVE;
				CLANG_WARN_UNREACHABLE_CODE = YES;
				CLANG_WARN__DUPLICATE_METHOD_MATCH = YES;
				CODE_SIGN_IDENTITY = "-";
				COPY_PHASE_STRIP = NO;
				DEBUG_INFORMATION_FORMAT = "dwarf-with-dsym";
				ENABLE_NS_ASSERTIONS = NO;
				ENABLE_STRICT_OBJC_MSGSEND = YES;
				GCC_C_LANGUAGE_STANDARD = gnu11;
				GCC_NO_COMMON_BLOCKS = YES;
				GCC_WARN_64_TO_32_BIT_CONVERSION = YES;
				GCC_WARN_ABOUT_RETURN_TYPE = YES_ERROR;
				GCC_WARN_UNDECLARED_SELECTOR = YES;
				GCC_WARN_UNINITIALIZED_AUTOS = YES_AGGRESSIVE;
				GCC_WARN_UNUSED_FUNCTION = YES;
				GCC_WARN_UNUSED_VARIABLE = YES;
				MTL_ENABLE_DEBUG_INFO = NO;
				MTL_FAST_MATH = YES;
				PRODUCT_NAME = "$(TARGET_NAME)";
				SDKROOT = iphoneos;
				SWIFT_COMPILATION_MODE = wholemodule;
				SWIFT_OPTIMIZATION_LEVEL = "-O";
				SWIFT_VERSION = 5.0;
			};
			name = Release;
		};
		329EBC08B0C11AFB5AB2329B /* Release */ = {
			isa = XCBuildConfiguration;
			buildSettings = {
				ASSETCATALOG_COMPILER_APPICON_NAME = AppIcon;
				ASSETCATALOG_COMPILER_GLOBAL_ACCENT_COLOR_NAME = AccentColor;
				CODE_SIGN_IDENTITY = "iPhone Developer";
				CURRENT_PROJECT_VERSION = 1;
				DEVELOPMENT_TEAM = "";
				INFOPLIST_FILE = App/Info.plist;
				IPHONEOS_DEPLOYMENT_TARGET = 26.0;
				LD_RUNPATH_SEARCH_PATHS = (
					"$(inherited)",
					"@executable_path/Frameworks",
				);
				MARKETING_VERSION = 1.0;
				PRODUCT_BUNDLE_IDENTIFIER = com.bitrighackathon.reptrack;
				PRODUCT_NAME = "$(TARGET_NAME)";
				SDKROOT = iphoneos;
				SWIFT_VERSION = 5.0;
				TARGETED_DEVICE_FAMILY = 1;
			};
			name = Release;
		};
		999683C4B5329A72D12AD584 /* Debug */ = {
			isa = XCBuildConfiguration;
			buildSettings = {
				ALWAYS_SEARCH_USER_PATHS = NO;
				CLANG_ANALYZER_NONNULL = YES;
				CLANG_ANALYZER_NUMBER_OBJECT_CONVERSION = YES_AGGRESSIVE;
				CLANG_CXX_LANGUAGE_STANDARD = "gnu++14";
				CLANG_CXX_LIBRARY = "libc++";
				CLANG_ENABLE_MODULES = YES;
				CLANG_ENABLE_OBJC_ARC = YES;
				CLANG_ENABLE_OBJC_WEAK = YES;
				CLANG_WARN_BLOCK_CAPTURE_AUTORELEASING = YES;
				CLANG_WARN_BOOL_CONVERSION = YES;
				CLANG_WARN_COMMA = YES;
				CLANG_WARN_CONSTANT_CONVERSION = YES;
				CLANG_WARN_DEPRECATED_OBJC_IMPLEMENTATIONS = YES;
				CLANG_WARN_DIRECT_OBJC_ISA_USAGE = YES_ERROR;
				CLANG_WARN_DOCUMENTATION_COMMENTS = YES;
				CLANG_WARN_EMPTY_BODY = YES;
				CLANG_WARN_ENUM_CONVERSION = YES;
				CLANG_WARN_INFINITE_RECURSION = YES;
				CLANG_WARN_INT_CONVERSION = YES;
				CLANG_WARN_NON_LITERAL_NULL_CONVERSION = YES;
				CLANG_WARN_OBJC_IMPLICIT_RETAIN_SELF = YES;
				CLANG_WARN_OBJC_LITERAL_CONVERSION = YES;
				CLANG_WARN_OBJC_ROOT_CLASS = YES_ERROR;
				CLANG_WARN_QUOTED_INCLUDE_IN_FRAMEWORK_HEADER = YES;
				CLANG_WARN_RANGE_LOOP_ANALYSIS = YES;
				CLANG_WARN_STRICT_PROTOTYPES = YES;
				CLANG_WARN_SUSPICIOUS_MOVE = YES;
				CLANG_WARN_UNGUARDED_AVAILABILITY = YES_AGGRESSIVE;
				CLANG_WARN_UNREACHABLE_CODE = YES;
				CLANG_WARN__DUPLICATE_METHOD_MATCH = YES;
				CODE_SIGN_IDENTITY = "-";
				COPY_PHASE_STRIP = NO;
				DEBUG_INFORMATION_FORMAT = dwarf;
				ENABLE_STRICT_OBJC_MSGSEND = YES;
				ENABLE_TESTABILITY = YES;
				GCC_C_LANGUAGE_STANDARD = gnu11;
				GCC_DYNAMIC_NO_PIC = NO;
				GCC_NO_COMMON_BLOCKS = YES;
				GCC_OPTIMIZATION_LEVEL = 0;
				GCC_PREPROCESSOR_DEFINITIONS = (
					"$(inherited)",
					"DEBUG=1",
				);
				GCC_WARN_64_TO_32_BIT_CONVERSION = YES;
				GCC_WARN_ABOUT_RETURN_TYPE = YES_ERROR;
				GCC_WARN_UNDECLARED_SELECTOR = YES;
				GCC_WARN_UNINITIALIZED_AUTOS = YES_AGGRESSIVE;
				GCC_WARN_UNUSED_FUNCTION = YES;
				GCC_WARN_UNUSED_VARIABLE = YES;
				MTL_ENABLE_DEBUG_INFO = INCLUDE_SOURCE;
				MTL_FAST_MATH = YES;
				ONLY_ACTIVE_ARCH = YES;
				PRODUCT_NAME = "$(TARGET_NAME)";
				SDKROOT = iphoneos;
				SWIFT_ACTIVE_COMPILATION_CONDITIONS = DEBUG;
				SWIFT_OPTIMIZATION_LEVEL = "-Onone";
				SWIFT_VERSION = 5.0;
			};
			name = Debug;
		};
		DE3973F109B60908F4BD8B1B /* Debug */ = {
			isa = XCBuildConfiguration;
			buildSettings = {
				ASSETCATALOG_COMPILER_APPICON_NAME = AppIcon;
				ASSETCATALOG_COMPILER_GLOBAL_ACCENT_COLOR_NAME = AccentColor;
				CODE_SIGN_IDENTITY = "iPhone Developer";
				CURRENT_PROJECT_VERSION = 1;
				DEVELOPMENT_TEAM = "";
				INFOPLIST_FILE = App/Info.plist;
				IPHONEOS_DEPLOYMENT_TARGET = 26.0;
				LD_RUNPATH_SEARCH_PATHS = (
					"$(inherited)",
					"@executable_path/Frameworks",
				);
				MARKETING_VERSION = 1.0;
				PRODUCT_BUNDLE_IDENTIFIER = com.bitrighackathon.reptrack;
				PRODUCT_NAME = "$(TARGET_NAME)";
				SDKROOT = iphoneos;
				SWIFT_VERSION = 5.0;
				TARGETED_DEVICE_FAMILY = 1;
			};
			name = Debug;
		};
/* End XCBuildConfiguration section */

/* Begin XCConfigurationList section */
		06F65A5E4596AC265EC1691A /* Build configuration list for PBXNativeTarget "RepTrack" */ = {
			isa = XCConfigurationList;
			buildConfigurations = (
				DE3973F109B60908F4BD8B1B /* Debug */,
				329EBC08B0C11AFB5AB2329B /* Release */,
			);
			defaultConfigurationIsVisible = 0;
			defaultConfigurationName = Debug;
		};
		D91E14E36EC0B415578456F2 /* Build configuration list for PBXProject "Project" */ = {
			isa = XCConfigurationList;
			buildConfigurations = (
				999683C4B5329A72D12AD584 /* Debug */,
				036FCF7C4B48C154279F289D /* Release */,
			);
			defaultConfigurationIsVisible = 0;
			defaultConfigurationName = Debug;
		};
/* End XCConfigurationList section */
	};
	rootObject = 0FBAE303E3CFC2ABAC876A77 /* Project object */;
}
